
Microsoft Visual Studio Solution File, Format Version 12.00
# Visual Studio Version 16
VisualStudioVersion = 16.0.33214.272
MinimumVisualStudioVersion = 10.0.40219.1
Project("{9A19103F-16F7-4668-BE54-9A1E7A4F7556}") = "FirstEmpty", "FirstEmpty\FirstEmpty.csproj", "{2DD33823-D694-4440-8515-1EEBA2FD28FD}"
EndProject
Global
	GlobalSection(SolutionConfigurationPlatforms) = preSolution
		Debug|Any CPU = Debug|Any CPU
		Release|Any CPU = Release|Any CPU
	EndGlobalSection
	GlobalSection(ProjectConfigurationPlatforms) = postSolution
		{2DD33823-D694-4440-8515-1EEBA2FD28FD}.Debug|Any CPU.ActiveCfg = Debug|Any CPU
		{2DD33823-D694-4440-8515-1EEBA2FD28FD}.Debug|Any CPU.Build.0 = Debug|Any CPU
		{2DD33823-D694-4440-8515-1EEBA2FD28FD}.Release|Any CPU.ActiveCfg = Release|Any CPU
		{2DD33823-D694-4440-8515-1EEBA2FD28FD}.Release|Any CPU.Build.0 = Release|Any CPU
	EndGlobalSection
	GlobalSection(SolutionProperties) = preSolution
		HideSolutionNode = FALSE
	EndGlobalSection
	GlobalSection(ExtensibilityGlobals) = postSolution
		SolutionGuid = {65F90F9B-3D9C-4790-8A95-392627A7DD21}
	EndGlobalSection
EndGlobal
